// !$*UTF8*$!
{
	archiveVersion = 1;
	classes = {
	};
	objectVersion = 48;
	objects = {

/* Begin PBXBuildFile section */
		EA6A666F20567B1400C729E6 /* AppDelegate.swift in Sources */ = {isa = PBXBuildFile; fileRef = EA6A666E20567B1400C729E6 /* AppDelegate.swift */; };
		EA6A667120567B1400C729E6 /* ViewController.swift in Sources */ = {isa = PBXBuildFile; fileRef = EA6A667020567B1400C729E6 /* ViewController.swift */; };
		EA6A667420567B1400C729E6 /* Main.storyboard in Resources */ = {isa = PBXBuildFile; fileRef = EA6A667220567B1400C729E6 /* Main.storyboard */; };
		EA6A667720567B1400C729E6 /* GPS.xcdatamodeld in Sources */ = {isa = PBXBuildFile; fileRef = EA6A667520567B1400C729E6 /* GPS.xcdatamodeld */; };
		EA6A667920567B1400C729E6 /* Assets.xcassets in Resources */ = {isa = PBXBuildFile; fileRef = EA6A667820567B1400C729E6 /* Assets.xcassets */; };
		EA6A667C20567B1400C729E6 /* LaunchScreen.storyboard in Resources */ = {isa = PBXBuildFile; fileRef = EA6A667A20567B1400C729E6 /* LaunchScreen.storyboard */; };
		EA6A668720567B1400C729E6 /* GPSTests.swift in Sources */ = {isa = PBXBuildFile; fileRef = EA6A668620567B1400C729E6 /* GPSTests.swift */; };
		EA6A669220567B1400C729E6 /* GPSUITests.swift in Sources */ = {isa = PBXBuildFile; fileRef = EA6A669120567B1400C729E6 /* GPSUITests.swift */; };
/* End PBXBuildFile section */

/* Begin PBXContainerItemProxy section */
		EA6A668320567B1400C729E6 /* PBXContainerItemProxy */ = {
			isa = PBXContainerItemProxy;
			containerPortal = EA6A666320567B1400C729E6 /* Project object */;
			proxyType = 1;
			remoteGlobalIDString = EA6A666A20567B1400C729E6;
			remoteInfo = GPS;
		};
		EA6A668E20567B1400C729E6 /* PBXContainerItemProxy */ = {
			isa = PBXContainerItemProxy;
			containerPortal = EA6A666320567B1400C729E6 /* Project object */;
			proxyType = 1;
			remoteGlobalIDString = EA6A666A20567B1400C729E6;
			remoteInfo = GPS;
		};
/* End PBXContainerItemProxy section */

/* Begin PBXFileReference section */
		EA6A666B20567B1400C729E6 /* GPS.app */ = {isa = PBXFileReference; explicitFileType = wrapper.application; includeInIndex = 0; path = GPS.app; sourceTree = BUILT_PRODUCTS_DIR; };
		EA6A666E20567B1400C729E6 /* AppDelegate.swift */ = {isa = PBXFileReference; lastKnownFileType = sourcecode.swift; path = AppDelegate.swift; sourceTree = "<group>"; };
		EA6A667020567B1400C729E6 /* ViewController.swift */ = {isa = PBXFileReference; lastKnownFileType = sourcecode.swift; path = ViewController.swift; sourceTree = "<group>"; };
		EA6A667320567B1400C729E6 /* Base */ = {isa = PBXFileReference; lastKnownFileType = file.storyboard; name = Base; path = Base.lproj/Main.storyboard; sourceTree = "<group>"; };
		EA6A667620567B1400C729E6 /* GPS.xcdatamodel */ = {isa = PBXFileReference; lastKnownFileType = wrapper.xcdatamodel; path = GPS.xcdatamodel; sourceTree = "<group>"; };
		EA6A667820567B1400C729E6 /* Assets.xcassets */ = {isa = PBXFileReference; lastKnownFileType = folder.assetcatalog; path = Assets.xcassets; sourceTree = "<group>"; };
		EA6A667B20567B1400C729E6 /* Base */ = {isa = PBXFileReference; lastKnownFileType = file.storyboard; name = Base; path = Base.lproj/LaunchScreen.storyboard; sourceTree = "<group>"; };
		EA6A667D20567B1400C729E6 /* Info.plist */ = {isa = PBXFileReference; lastKnownFileType = text.plist.xml; path = Info.plist; sourceTree = "<group>"; };
		EA6A668220567B1400C729E6 /* GPSTests.xctest */ = {isa = PBXFileReference; explicitFileType = wrapper.cfbundle; includeInIndex = 0; path = GPSTests.xctest; sourceTree = BUILT_PRODUCTS_DIR; };
		EA6A668620567B1400C729E6 /* GPSTests.swift */ = {isa = PBXFileReference; lastKnownFileType = sourcecode.swift; path = GPSTests.swift; sourceTree = "<group>"; };
		EA6A668820567B1400C729E6 /* Info.plist */ = {isa = PBXFileReference; lastKnownFileType = text.plist.xml; path = Info.plist; sourceTree = "<group>"; };
		EA6A668D20567B1400C729E6 /* GPSUITests.xctest */ = {isa = PBXFileReference; explicitFileType = wrapper.cfbundle; includeInIndex = 0; path = GPSUITests.xctest; sourceTree = BUILT_PRODUCTS_DIR; };
		EA6A669120567B1400C729E6 /* GPSUITests.swift */ = {isa = PBXFileReference; lastKnownFileType = sourcecode.swift; path = GPSUITests.swift; sourceTree = "<group>"; };
		EA6A669320567B1400C729E6 /* Info.plist */ = {isa = PBXFileReference; lastKnownFileType = text.plist.xml; path = Info.plist; sourceTree = "<group>"; };
/* End PBXFileReference section */

/* Begin PBXFrameworksBuildPhase section */
		EA6A666820567B1400C729E6 /* Frameworks */ = {
			isa = PBXFrameworksBuildPhase;
			buildActionMask = 2147483647;
			files = (
			);
			runOnlyForDeploymentPostprocessing = 0;
		};
		EA6A667F20567B1400C729E6 /* Frameworks */ = {
			isa = PBXFrameworksBuildPhase;
			buildActionMask = 2147483647;
			files = (
			);
			runOnlyForDeploymentPostprocessing = 0;
		};
		EA6A668A20567B1400C729E6 /* Frameworks */ = {
			isa = PBXFrameworksBuildPhase;
			buildActionMask = 2147483647;
			files = (
			);
			runOnlyForDeploymentPostprocessing = 0;
		};
/* End PBXFrameworksBuildPhase section */

/* Begin PBXGroup section */
		EA6A666220567B1400C729E6 = {
			isa = PBXGroup;
			children = (
				EA6A666D20567B1400C729E6 /* GPS */,
				EA6A668520567B1400C729E6 /* GPSTests */,
				EA6A669020567B1400C729E6 /* GPSUITests */,
				EA6A666C20567B1400C729E6 /* Products */,
			);
			sourceTree = "<group>";
		};
		EA6A666C20567B1400C729E6 /* Products */ = {
			isa = PBXGroup;
			children = (
				EA6A666B20567B1400C729E6 /* GPS.app */,
				EA6A668220567B1400C729E6 /* GPSTests.xctest */,
				EA6A668D20567B1400C729E6 /* GPSUITests.xctest */,
			);
			name = Products;
			sourceTree = "<group>";
		};
		EA6A666D20567B1400C729E6 /* GPS */ = {
			isa = PBXGroup;
			children = (
				EA6A666E20567B1400C729E6 /* AppDelegate.swift */,
				EA6A667020567B1400C729E6 /* ViewController.swift */,
				EA6A667220567B1400C729E6 /* Main.storyboard */,
				EA6A667820567B1400C729E6 /* Assets.xcassets */,
				EA6A667A20567B1400C729E6 /* LaunchScreen.storyboard */,
				EA6A667D20567B1400C729E6 /* Info.plist */,
				EA6A667520567B1400C729E6 /* GPS.xcdatamodeld */,
			);
			path = GPS;
			sourceTree = "<group>";
		};
		EA6A668520567B1400C729E6 /* GPSTests */ = {
			isa = PBXGroup;
			children = (
				EA6A668620567B1400C729E6 /* GPSTests.swift */,
				EA6A668820567B1400C729E6 /* Info.plist */,
			);
			path = GPSTests;
			sourceTree = "<group>";
		};
		EA6A669020567B1400C729E6 /* GPSUITests */ = {
			isa = PBXGroup;
			children = (
				EA6A669120567B1400C729E6 /* GPSUITests.swift */,
				EA6A669320567B1400C729E6 /* Info.plist */,
			);
			path = GPSUITests;
			sourceTree = "<group>";
		};
/* End PBXGroup section */

/* Begin PBXNativeTarget section */
		EA6A666A20567B1400C729E6 /* GPS */ = {
			isa = PBXNativeTarget;
			buildConfigurationList = EA6A669620567B1400C729E6 /* Build configuration list for PBXNativeTarget "GPS" */;
			buildPhases = (
				EA6A666720567B1400C729E6 /* Sources */,
				EA6A666820567B1400C729E6 /* Frameworks */,
				EA6A666920567B1400C729E6 /* Resources */,
			);
			buildRules = (
			);
			dependencies = (
			);
			name = GPS;
			productName = GPS;
			productReference = EA6A666B20567B1400C729E6 /* GPS.app */;
			productType = "com.apple.product-type.application";
		};
		EA6A668120567B1400C729E6 /* GPSTests */ = {
			isa = PBXNativeTarget;
			buildConfigurationList = EA6A669920567B1400C729E6 /* Build configuration list for PBXNativeTarget "GPSTests" */;
			buildPhases = (
				EA6A667E20567B1400C729E6 /* Sources */,
				EA6A667F20567B1400C729E6 /* Frameworks */,
				EA6A668020567B1400C729E6 /* Resources */,
			);
			buildRules = (
			);
			dependencies = (
				EA6A668420567B1400C729E6 /* PBXTargetDependency */,
			);
			name = GPSTests;
			productName = GPSTests;
			productReference = EA6A668220567B1400C729E6 /* GPSTests.xctest */;
			productType = "com.apple.product-type.bundle.unit-test";
		};
		EA6A668C20567B1400C729E6 /* GPSUITests */ = {
			isa = PBXNativeTarget;
			buildConfigurationList = EA6A669C20567B1400C729E6 /* Build configuration list for PBXNativeTarget "GPSUITests" */;
			buildPhases = (
				EA6A668920567B1400C729E6 /* Sources */,
				EA6A668A20567B1400C729E6 /* Frameworks */,
				EA6A668B20567B1400C729E6 /* Resources */,
			);
			buildRules = (
			);
			dependencies = (
				EA6A668F20567B1400C729E6 /* PBXTargetDependency */,
			);
			name = GPSUITests;
			productName = GPSUITests;
			productReference = EA6A668D20567B1400C729E6 /* GPSUITests.xctest */;
			productType = "com.apple.product-type.bundle.ui-testing";
		};
/* End PBXNativeTarget section */

/* Begin PBXProject section */
		EA6A666320567B1400C729E6 /* Project object */ = {
			isa = PBXProject;
			attributes = {
				LastSwiftUpdateCheck = 0910;
				LastUpgradeCheck = 0910;
				ORGANIZATIONNAME = "Sophie Novak";
				TargetAttributes = {
					EA6A666A20567B1400C729E6 = {
						CreatedOnToolsVersion = 9.1;
						ProvisioningStyle = Automatic;
					};
					EA6A668120567B1400C729E6 = {
						CreatedOnToolsVersion = 9.1;
						ProvisioningStyle = Automatic;
						TestTargetID = EA6A666A20567B1400C729E6;
					};
					EA6A668C20567B1400C729E6 = {
						CreatedOnToolsVersion = 9.1;
						ProvisioningStyle = Automatic;
						TestTargetID = EA6A666A20567B1400C729E6;
					};
				};
			};
			buildConfigurationList = EA6A666620567B1400C729E6 /* Build configuration list for PBXProject "GPS" */;
			compatibilityVersion = "Xcode 8.0";
			developmentRegion = en;
			hasScannedForEncodings = 0;
			knownRegions = (
				en,
				Base,
			);
			mainGroup = EA6A666220567B1400C729E6;
			productRefGroup = EA6A666C20567B1400C729E6 /* Products */;
			projectDirPath = "";
			projectRoot = "";
			targets = (
				EA6A666A20567B1400C729E6 /* GPS */,
				EA6A668120567B1400C729E6 /* GPSTests */,
				EA6A668C20567B1400C729E6 /* GPSUITests */,
			);
		};
/* End PBXProject section */

/* Begin PBXResourcesBuildPhase section */
		EA6A666920567B1400C729E6 /* Resources */ = {
			isa = PBXResourcesBuildPhase;
			buildActionMask = 2147483647;
			files = (
				EA6A667C20567B1400C729E6 /* LaunchScreen.storyboard in Resources */,
				EA6A667920567B1400C729E6 /* Assets.xcassets in Resources */,
				EA6A667420567B1400C729E6 /* Main.storyboard in Resources */,
			);
			runOnlyForDeploymentPostprocessing = 0;
		};
		EA6A668020567B1400C729E6 /* Resources */ = {
			isa = PBXResourcesBuildPhase;
			buildActionMask = 2147483647;
			files = (
			);
			runOnlyForDeploymentPostprocessing = 0;
		};
		EA6A668B20567B1400C729E6 /* Resources */ = {
			isa = PBXResourcesBuildPhase;
			buildActionMask = 2147483647;
			files = (
			);
			runOnlyForDeploymentPostprocessing = 0;
		};
/* End PBXResourcesBuildPhase section */

/* Begin PBXSourcesBuildPhase section */
		EA6A666720567B1400C729E6 /* Sources */ = {
			isa = PBXSourcesBuildPhase;
			buildActionMask = 2147483647;
			files = (
				EA6A667120567B1400C729E6 /* ViewController.swift in Sources */,
				EA6A666F20567B1400C729E6 /* AppDelegate.swift in Sources */,
				EA6A667720567B1400C729E6 /* GPS.xcdatamodeld in Sources */,
			);
			runOnlyForDeploymentPostprocessing = 0;
		};
		EA6A667E20567B1400C729E6 /* Sources */ = {
			isa = PBXSourcesBuildPhase;
			buildActionMask = 2147483647;
			files = (
				EA6A668720567B1400C729E6 /* GPSTests.swift in Sources */,
			);
			runOnlyForDeploymentPostprocessing = 0;
		};
		EA6A668920567B1400C729E6 /* Sources */ = {
			isa = PBXSourcesBuildPhase;
			buildActionMask = 2147483647;
			files = (
				EA6A669220567B1400C729E6 /* GPSUITests.swift in Sources */,
			);
			runOnlyForDeploymentPostprocessing = 0;
		};
/* End PBXSourcesBuildPhase section */

/* Begin PBXTargetDependency section */
		EA6A668420567B1400C729E6 /* PBXTargetDependency */ = {
			isa = PBXTargetDependency;
			target = EA6A666A20567B1400C729E6 /* GPS */;
			targetProxy = EA6A668320567B1400C729E6 /* PBXContainerItemProxy */;
		};
		EA6A668F20567B1400C729E6 /* PBXTargetDependency */ = {
			isa = PBXTargetDependency;
			target = EA6A666A20567B1400C729E6 /* GPS */;
			targetProxy = EA6A668E20567B1400C729E6 /* PBXContainerItemProxy */;
		};
/* End PBXTargetDependency section */

/* Begin PBXVariantGroup section */
		EA6A667220567B1400C729E6 /* Main.storyboard */ = {
			isa = PBXVariantGroup;
			children = (
				EA6A667320567B1400C729E6 /* Base */,
			);
			name = Main.storyboard;
			sourceTree = "<group>";
		};
		EA6A667A20567B1400C729E6 /* LaunchScreen.storyboard */ = {
			isa = PBXVariantGroup;
			children = (
				EA6A667B20567B1400C729E6 /* Base */,
			);
			name = LaunchScreen.storyboard;
			sourceTree = "<group>";
		};
/* End PBXVariantGroup section */

/* Begin XCBuildConfiguration section */
		EA6A669420567B1400C729E6 /* Debug */ = {
			isa = XCBuildConfiguration;
			buildSettings = {
				ALWAYS_SEARCH_USER_PATHS = NO;
				CLANG_ANALYZER_NONNULL = YES;
				CLANG_ANALYZER_NUMBER_OBJECT_CONVERSION = YES_AGGRESSIVE;
				CLANG_CXX_LANGUAGE_STANDARD = "gnu++14";
				CLANG_CXX_LIBRARY = "libc++";
				CLANG_ENABLE_MODULES = YES;
				CLANG_ENABLE_OBJC_ARC = YES;
				CLANG_WARN_BLOCK_CAPTURE_AUTORELEASING = YES;
				CLANG_WARN_BOOL_CONVERSION = YES;
				CLANG_WARN_COMMA = YES;
				CLANG_WARN_CONSTANT_CONVERSION = YES;
				CLANG_WARN_DIRECT_OBJC_ISA_USAGE = YES_ERROR;
				CLANG_WARN_DOCUMENTATION_COMMENTS = YES;
				CLANG_WARN_EMPTY_BODY = YES;
				CLANG_WARN_ENUM_CONVERSION = YES;
				CLANG_WARN_INFINITE_RECURSION = YES;
				CLANG_WARN_INT_CONVERSION = YES;
				CLANG_WARN_NON_LITERAL_NULL_CONVERSION = YES;
				CLANG_WARN_OBJC_LITERAL_CONVERSION = YES;
				CLANG_WARN_OBJC_ROOT_CLASS = YES_ERROR;
				CLANG_WARN_RANGE_LOOP_ANALYSIS = YES;
				CLANG_WARN_STRICT_PROTOTYPES = YES;
				CLANG_WARN_SUSPICIOUS_MOVE = YES;
				CLANG_WARN_UNGUARDED_AVAILABILITY = YES_AGGRESSIVE;
				CLANG_WARN_UNREACHABLE_CODE = YES;
				CLANG_WARN__DUPLICATE_METHOD_MATCH = YES;
				CODE_SIGN_IDENTITY = "iPhone Developer";
				COPY_PHASE_STRIP = NO;
				DEBUG_INFORMATION_FORMAT = dwarf;
				ENABLE_STRICT_OBJC_MSGSEND = YES;
				ENABLE_TESTABILITY = YES;
				GCC_C_LANGUAGE_STANDARD = gnu11;
				GCC_DYNAMIC_NO_PIC = NO;
				GCC_NO_COMMON_BLOCKS = YES;
				GCC_OPTIMIZATION_LEVEL = 0;
				GCC_PREPROCESSOR_DEFINITIONS = (
					"DEBUG=1",
					"$(inherited)",
				);
				GCC_WARN_64_TO_32_BIT_CONVERSION = YES;
				GCC_WARN_ABOUT_RETURN_TYPE = YES_ERROR;
				GCC_WARN_UNDECLARED_SELECTOR = YES;
				GCC_WARN_UNINITIALIZED_AUTOS = YES_AGGRESSIVE;
				GCC_WARN_UNUSED_FUNCTION = YES;
				GCC_WARN_UNUSED_VARIABLE = YES;
				IPHONEOS_DEPLOYMENT_TARGET = 11.1;
				MTL_ENABLE_DEBUG_INFO = YES;
				ONLY_ACTIVE_ARCH = YES;
				SDKROOT = iphoneos;
				SWIFT_ACTIVE_COMPILATION_CONDITIONS = DEBUG;
				SWIFT_OPTIMIZATION_LEVEL = "-Onone";
			};
			name = Debug;
		};
		EA6A669520567B1400C729E6 /* Release */ = {
			isa = XCBuildConfiguration;
			buildSettings = {
				ALWAYS_SEARCH_USER_PATHS = NO;
				CLANG_ANALYZER_NONNULL = YES;
				CLANG_ANALYZER_NUMBER_OBJECT_CONVERSION = YES_AGGRESSIVE;
				CLANG_CXX_LANGUAGE_STANDARD = "gnu++14";
				CLANG_CXX_LIBRARY = "libc++";
				CLANG_ENABLE_MODULES = YES;
				CLANG_ENABLE_OBJC_ARC = YES;
				CLANG_WARN_BLOCK_CAPTURE_AUTORELEASING = YES;
				CLANG_WARN_BOOL_CONVERSION = YES;
				CLANG_WARN_COMMA = YES;
				CLANG_WARN_CONSTANT_CONVERSION = YES;
				CLANG_WARN_DIRECT_OBJC_ISA_USAGE = YES_ERROR;
				CLANG_WARN_DOCUMENTATION_COMMENTS = YES;
				CLANG_WARN_EMPTY_BODY = YES;
				CLANG_WARN_ENUM_CONVERSION = YES;
				CLANG_WARN_INFINITE_RECURSION = YES;
				CLANG_WARN_INT_CONVERSION = YES;
				CLANG_WARN_NON_LITERAL_NULL_CONVERSION = YES;
				CLANG_WARN_OBJC_LITERAL_CONVERSION = YES;
				CLANG_WARN_OBJC_ROOT_CLASS = YES_ERROR;
				CLANG_WARN_RANGE_LOOP_ANALYSIS = YES;
				CLANG_WARN_STRICT_PROTOTYPES = YES;
				CLANG_WARN_SUSPICIOUS_MOVE = YES;
				CLANG_WARN_UNGUARDED_AVAILABILITY = YES_AGGRESSIVE;
				CLANG_WARN_UNREACHABLE_CODE = YES;
				CLANG_WARN__DUPLICATE_METHOD_MATCH = YES;
				CODE_SIGN_IDENTITY = "iPhone Developer";
				COPY_PHASE_STRIP = NO;
				DEBUG_INFORMATION_FORMAT = "dwarf-with-dsym";
				ENABLE_NS_ASSERTIONS = NO;
				ENABLE_STRICT_OBJC_MSGSEND = YES;
				GCC_C_LANGUAGE_STANDARD = gnu11;
				GCC_NO_COMMON_BLOCKS = YES;
				GCC_WARN_64_TO_32_BIT_CONVERSION = YES;
				GCC_WARN_ABOUT_RETURN_TYPE = YES_ERROR;
				GCC_WARN_UNDECLARED_SELECTOR = YES;
				GCC_WARN_UNINITIALIZED_AUTOS = YES_AGGRESSIVE;
				GCC_WARN_UNUSED_FUNCTION = YES;
				GCC_WARN_UNUSED_VARIABLE = YES;
				IPHONEOS_DEPLOYMENT_TARGET = 11.1;
				MTL_ENABLE_DEBUG_INFO = NO;
				SDKROOT = iphoneos;
				SWIFT_OPTIMIZATION_LEVEL = "-Owholemodule";
				VALIDATE_PRODUCT = YES;
			};
			name = Release;
		};
		EA6A669720567B1400C729E6 /* Debug */ = {
			isa = XCBuildConfiguration;
			buildSettings = {
				ASSETCATALOG_COMPILER_APPICON_NAME = AppIcon;
				CODE_SIGN_STYLE = Automatic;
				INFOPLIST_FILE = GPS/Info.plist;
				LD_RUNPATH_SEARCH_PATHS = "$(inherited) @executable_path/Frameworks";
				PRODUCT_BUNDLE_IDENTIFIER = sophienovak.GPS;
				PRODUCT_NAME = "$(TARGET_NAME)";
				SWIFT_VERSION = 4.0;
				TARGETED_DEVICE_FAMILY = "1,2";
			};
			name = Debug;
		};
		EA6A669820567B1400C729E6 /* Release */ = {
			isa = XCBuildConfiguration;
			buildSettings = {
				ASSETCATALOG_COMPILER_APPICON_NAME = AppIcon;
				CODE_SIGN_STYLE = Automatic;
				INFOPLIST_FILE = GPS/Info.plist;
				LD_RUNPATH_SEARCH_PATHS = "$(inherited) @executable_path/Frameworks";
				PRODUCT_BUNDLE_IDENTIFIER = sophienovak.GPS;
				PRODUCT_NAME = "$(TARGET_NAME)";
				SWIFT_VERSION = 4.0;
				TARGETED_DEVICE_FAMILY = "1,2";
			};
			name = Release;
		};
		EA6A669A20567B1400C729E6 /* Debug */ = {
			isa = XCBuildConfiguration;
			buildSettings = {
				ALWAYS_EMBED_SWIFT_STANDARD_LIBRARIES = YES;
				BUNDLE_LOADER = "$(TEST_HOST)";
				CODE_SIGN_STYLE = Automatic;
				INFOPLIST_FILE = GPSTests/Info.plist;
				LD_RUNPATH_SEARCH_PATHS = "$(inherited) @executable_path/Frameworks @loader_path/Frameworks";
				PRODUCT_BUNDLE_IDENTIFIER = sophienovak.GPSTests;
				PRODUCT_NAME = "$(TARGET_NAME)";
				SWIFT_VERSION = 4.0;
				TARGETED_DEVICE_FAMILY = "1,2";
				TEST_HOST = "$(BUILT_PRODUCTS_DIR)/GPS.app/GPS";
			};
			name = Debug;
		};
		EA6A669B20567B1400C729E6 /* Release */ = {
			isa = XCBuildConfiguration;
			buildSettings = {
				ALWAYS_EMBED_SWIFT_STANDARD_LIBRARIES = YES;
				BUNDLE_LOADER = "$(TEST_HOST)";
				CODE_SIGN_STYLE = Automatic;
				INFOPLIST_FILE = GPSTests/Info.plist;
				LD_RUNPATH_SEARCH_PATHS = "$(inherited) @executable_path/Frameworks @loader_path/Frameworks";
				PRODUCT_BUNDLE_IDENTIFIER = sophienovak.GPSTests;
				PRODUCT_NAME = "$(TARGET_NAME)";
				SWIFT_VERSION = 4.0;
				TARGETED_DEVICE_FAMILY = "1,2";
				TEST_HOST = "$(BUILT_PRODUCTS_DIR)/GPS.app/GPS";
			};
			name = Release;
		};
		EA6A669D20567B1400C729E6 /* Debug */ = {
			isa = XCBuildConfiguration;
			buildSettings = {
				ALWAYS_EMBED_SWIFT_STANDARD_LIBRARIES = YES;
				CODE_SIGN_STYLE = Automatic;
				INFOPLIST_FILE = GPSUITests/Info.plist;
				LD_RUNPATH_SEARCH_PATHS = "$(inherited) @executable_path/Frameworks @loader_path/Frameworks";
				PRODUCT_BUNDLE_IDENTIFIER = sophienovak.GPSUITests;
				PRODUCT_NAME = "$(TARGET_NAME)";
				SWIFT_VERSION = 4.0;
				TARGETED_DEVICE_FAMILY = "1,2";
				TEST_TARGET_NAME = GPS;
			};
			name = Debug;
		};
		EA6A669E20567B1400C729E6 /* Release */ = {
			isa = XCBuildConfiguration;
			buildSettings = {
				ALWAYS_EMBED_SWIFT_STANDARD_LIBRARIES = YES;
				CODE_SIGN_STYLE = Automatic;
				INFOPLIST_FILE = GPSUITests/Info.plist;
				LD_RUNPATH_SEARCH_PATHS = "$(inherited) @executable_path/Frameworks @loader_path/Frameworks";
				PRODUCT_BUNDLE_IDENTIFIER = sophienovak.GPSUITests;
				PRODUCT_NAME = "$(TARGET_NAME)";
				SWIFT_VERSION = 4.0;
				TARGETED_DEVICE_FAMILY = "1,2";
				TEST_TARGET_NAME = GPS;
			};
			name = Release;
		};
/* End XCBuildConfiguration section */

/* Begin XCConfigurationList section */
		EA6A666620567B1400C729E6 /* Build configuration list for PBXProject "GPS" */ = {
			isa = XCConfigurationList;
			buildConfigurations = (
				EA6A669420567B1400C729E6 /* Debug */,
				EA6A669520567B1400C729E6 /* Release */,
			);
			defaultConfigurationIsVisible = 0;
			defaultConfigurationName = Release;
		};
		EA6A669620567B1400C729E6 /* Build configuration list for PBXNativeTarget "GPS" */ = {
			isa = XCConfigurationList;
			buildConfigurations = (
				EA6A669720567B1400C729E6 /* Debug */,
				EA6A669820567B1400C729E6 /* Release */,
			);
			defaultConfigurationIsVisible = 0;
			defaultConfigurationName = Release;
		};
		EA6A669920567B1400C729E6 /* Build configuration list for PBXNativeTarget "GPSTests" */ = {
			isa = XCConfigurationList;
			buildConfigurations = (
				EA6A669A20567B1400C729E6 /* Debug */,
				EA6A669B20567B1400C729E6 /* Release */,
			);
			defaultConfigurationIsVisible = 0;
			defaultConfigurationName = Release;
		};
		EA6A669C20567B1400C729E6 /* Build configuration list for PBXNativeTarget "GPSUITests" */ = {
			isa = XCConfigurationList;
			buildConfigurations = (
				EA6A669D20567B1400C729E6 /* Debug */,
				EA6A669E20567B1400C729E6 /* Release */,
			);
			defaultConfigurationIsVisible = 0;
			defaultConfigurationName = Release;
		};
/* End XCConfigurationList section */

/* Begin XCVersionGroup section */
		EA6A667520567B1400C729E6 /* GPS.xcdatamodeld */ = {
			isa = XCVersionGroup;
			children = (
				EA6A667620567B1400C729E6 /* GPS.xcdatamodel */,
			);
			currentVersion = EA6A667620567B1400C729E6 /* GPS.xcdatamodel */;
			path = GPS.xcdatamodeld;
			sourceTree = "<group>";
			versionGroupType = wrapper.xcdatamodel;
		};
/* End XCVersionGroup section */
	};
	rootObject = EA6A666320567B1400C729E6 /* Project object */;
}
